
Microsoft Visual Studio Solution File, Format Version 12.00
# Visual Studio Version 17
VisualStudioVersion = 17.14.36623.8
MinimumVisualStudioVersion = 10.0.40219.1
Project("{FAE04EC0-301F-11D3-BF4B-00C04F79EFBC}") = "BenMcLean.Wolf3D.Assets", "src\BenMcLean.Wolf3D.Assets\BenMcLean.Wolf3D.Assets.csproj", "{20F7C9ED-5B24-4760-A2BC-79B600804177}"
EndProject
Project("{2150E333-8FDC-42A3-9474-1A3956D46DE8}") = "Solution Items", "Solution Items", "{8EC462FD-D22E-90A8-E5CE-7E832BA40C5D}"
	ProjectSection(SolutionItems) = preProject
		.editorconfig = .editorconfig
		.gitattributes = .gitattributes
		.gitignore = .gitignore
		convert_vga_pal_to_hex.sh = convert_vga_pal_to_hex.sh
		games\N3D.xml = games\N3D.xml
		src\ThirdParty\NScumm.Audio.md = src\ThirdParty\NScumm.Audio.md
		games\WL1.xml = games\WL1.xml
		games\WOLF3D.xsd = games\WOLF3D.xsd
	EndProjectSection
EndProject
Project("{FAE04EC0-301F-11D3-BF4B-00C04F79EFBC}") = "BenMcLean.Wolf3D.VR", "godot\BenMcLean.Wolf3D.VR\BenMcLean.Wolf3D.VR.csproj", "{C0BC89E7-8091-604D-6726-675DC0D583F3}"
EndProject
Project("{FAE04EC0-301F-11D3-BF4B-00C04F79EFBC}") = "BenMcLean.Wolf3D.Shared", "godot\BenMcLean.Wolf3D.Shared\BenMcLean.Wolf3D.Shared.csproj", "{70980386-C674-527A-2D13-BFA5A82888AC}"
EndProject
Project("{FAE04EC0-301F-11D3-BF4B-00C04F79EFBC}") = "BenMcLean.Wolf3D.Simulator", "src\BenMcLean.Wolf3D.Simulator\BenMcLean.Wolf3D.Simulator.csproj", "{90647822-CEC3-46CB-B10E-EB94B0E3B21A}"
EndProject
Project("{FAE04EC0-301F-11D3-BF4B-00C04F79EFBC}") = "NScumm.Audio", "src\ThirdParty\NScumm.Audio\NScumm.Audio.csproj", "{A6551C3F-F932-E824-84F4-A1A3C2647456}"
EndProject
Project("{FAE04EC0-301F-11D3-BF4B-00C04F79EFBC}") = "BenMcLean.Wolf3D.VoxelBaker", "src\BenMcLean.Wolf3D.VoxelBaker\BenMcLean.Wolf3D.VoxelBaker.csproj", "{C7060293-5409-4859-BD5E-9665AEEF1480}"
EndProject
Project("{2150E333-8FDC-42A3-9474-1A3956D46DE8}") = "src", "src", "{827E0CD3-B72D-47B6-A68D-7590B98EB39B}"
EndProject
Project("{2150E333-8FDC-42A3-9474-1A3956D46DE8}") = "ThirdParty", "ThirdParty", "{02EA681E-C7D8-13C7-8484-4AC65E1B71E8}"
EndProject
Project("{2150E333-8FDC-42A3-9474-1A3956D46DE8}") = "godot", "godot", "{FC587998-E5CC-4F74-991C-8579018DDF78}"
EndProject
Global
	GlobalSection(SolutionConfigurationPlatforms) = preSolution
		Debug|Any CPU = Debug|Any CPU
		Debug|x64 = Debug|x64
		Debug|x86 = Debug|x86
		Release|Any CPU = Release|Any CPU
		Release|x64 = Release|x64
		Release|x86 = Release|x86
	EndGlobalSection
	GlobalSection(ProjectConfigurationPlatforms) = postSolution
		{20F7C9ED-5B24-4760-A2BC-79B600804177}.Debug|Any CPU.ActiveCfg = Debug|Any CPU
		{20F7C9ED-5B24-4760-A2BC-79B600804177}.Debug|Any CPU.Build.0 = Debug|Any CPU
		{20F7C9ED-5B24-4760-A2BC-79B600804177}.Debug|x64.ActiveCfg = Debug|Any CPU
		{20F7C9ED-5B24-4760-A2BC-79B600804177}.Debug|x64.Build.0 = Debug|Any CPU
		{20F7C9ED-5B24-4760-A2BC-79B600804177}.Debug|x86.ActiveCfg = Debug|Any CPU
		{20F7C9ED-5B24-4760-A2BC-79B600804177}.Debug|x86.Build.0 = Debug|Any CPU
		{20F7C9ED-5B24-4760-A2BC-79B600804177}.Release|Any CPU.ActiveCfg = Release|Any CPU
		{20F7C9ED-5B24-4760-A2BC-79B600804177}.Release|Any CPU.Build.0 = Release|Any CPU
		{20F7C9ED-5B24-4760-A2BC-79B600804177}.Release|x64.ActiveCfg = Release|Any CPU
		{20F7C9ED-5B24-4760-A2BC-79B600804177}.Release|x64.Build.0 = Release|Any CPU
		{20F7C9ED-5B24-4760-A2BC-79B600804177}.Release|x86.ActiveCfg = Release|Any CPU
		{20F7C9ED-5B24-4760-A2BC-79B600804177}.Release|x86.Build.0 = Release|Any CPU
		{C0BC89E7-8091-604D-6726-675DC0D583F3}.Debug|Any CPU.ActiveCfg = Debug|Any CPU
		{C0BC89E7-8091-604D-6726-675DC0D583F3}.Debug|Any CPU.Build.0 = Debug|Any CPU
		{C0BC89E7-8091-604D-6726-675DC0D583F3}.Debug|x64.ActiveCfg = Debug|Any CPU
		{C0BC89E7-8091-604D-6726-675DC0D583F3}.Debug|x64.Build.0 = Debug|Any CPU
		{C0BC89E7-8091-604D-6726-675DC0D583F3}.Debug|x86.ActiveCfg = Debug|Any CPU
		{C0BC89E7-8091-604D-6726-675DC0D583F3}.Debug|x86.Build.0 = Debug|Any CPU
		{C0BC89E7-8091-604D-6726-675DC0D583F3}.Release|Any CPU.ActiveCfg = ExportDebug|Any CPU
		{C0BC89E7-8091-604D-6726-675DC0D583F3}.Release|Any CPU.Build.0 = ExportDebug|Any CPU
		{C0BC89E7-8091-604D-6726-675DC0D583F3}.Release|x64.ActiveCfg = Release|Any CPU
		{C0BC89E7-8091-604D-6726-675DC0D583F3}.Release|x64.Build.0 = Release|Any CPU
		{C0BC89E7-8091-604D-6726-675DC0D583F3}.Release|x86.ActiveCfg = Release|Any CPU
		{C0BC89E7-8091-604D-6726-675DC0D583F3}.Release|x86.Build.0 = Release|Any CPU
		{70980386-C674-527A-2D13-BFA5A82888AC}.Debug|Any CPU.ActiveCfg = Debug|Any CPU
		{70980386-C674-527A-2D13-BFA5A82888AC}.Debug|Any CPU.Build.0 = Debug|Any CPU
		{70980386-C674-527A-2D13-BFA5A82888AC}.Debug|x64.ActiveCfg = Debug|Any CPU
		{70980386-C674-527A-2D13-BFA5A82888AC}.Debug|x64.Build.0 = Debug|Any CPU
		{70980386-C674-527A-2D13-BFA5A82888AC}.Debug|x86.ActiveCfg = Debug|Any CPU
		{70980386-C674-527A-2D13-BFA5A82888AC}.Debug|x86.Build.0 = Debug|Any CPU
		{70980386-C674-527A-2D13-BFA5A82888AC}.Release|Any CPU.ActiveCfg = ExportDebug|Any CPU
		{70980386-C674-527A-2D13-BFA5A82888AC}.Release|Any CPU.Build.0 = ExportDebug|Any CPU
		{70980386-C674-527A-2D13-BFA5A82888AC}.Release|x64.ActiveCfg = Release|Any CPU
		{70980386-C674-527A-2D13-BFA5A82888AC}.Release|x64.Build.0 = Release|Any CPU
		{70980386-C674-527A-2D13-BFA5A82888AC}.Release|x86.ActiveCfg = Release|Any CPU
		{70980386-C674-527A-2D13-BFA5A82888AC}.Release|x86.Build.0 = Release|Any CPU
		{90647822-CEC3-46CB-B10E-EB94B0E3B21A}.Debug|Any CPU.ActiveCfg = Debug|Any CPU
		{90647822-CEC3-46CB-B10E-EB94B0E3B21A}.Debug|Any CPU.Build.0 = Debug|Any CPU
		{90647822-CEC3-46CB-B10E-EB94B0E3B21A}.Debug|x64.ActiveCfg = Debug|Any CPU
		{90647822-CEC3-46CB-B10E-EB94B0E3B21A}.Debug|x64.Build.0 = Debug|Any CPU
		{90647822-CEC3-46CB-B10E-EB94B0E3B21A}.Debug|x86.ActiveCfg = Debug|Any CPU
		{90647822-CEC3-46CB-B10E-EB94B0E3B21A}.Debug|x86.Build.0 = Debug|Any CPU
		{90647822-CEC3-46CB-B10E-EB94B0E3B21A}.Release|Any CPU.ActiveCfg = Release|Any CPU
		{90647822-CEC3-46CB-B10E-EB94B0E3B21A}.Release|Any CPU.Build.0 = Release|Any CPU
		{90647822-CEC3-46CB-B10E-EB94B0E3B21A}.Release|x64.ActiveCfg = Release|Any CPU
		{90647822-CEC3-46CB-B10E-EB94B0E3B21A}.Release|x64.Build.0 = Release|Any CPU
		{90647822-CEC3-46CB-B10E-EB94B0E3B21A}.Release|x86.ActiveCfg = Release|Any CPU
		{90647822-CEC3-46CB-B10E-EB94B0E3B21A}.Release|x86.Build.0 = Release|Any CPU
		{A6551C3F-F932-E824-84F4-A1A3C2647456}.Debug|Any CPU.ActiveCfg = Debug|Any CPU
		{A6551C3F-F932-E824-84F4-A1A3C2647456}.Debug|Any CPU.Build.0 = Debug|Any CPU
		{A6551C3F-F932-E824-84F4-A1A3C2647456}.Debug|x64.ActiveCfg = Debug|Any CPU
		{A6551C3F-F932-E824-84F4-A1A3C2647456}.Debug|x64.Build.0 = Debug|Any CPU
		{A6551C3F-F932-E824-84F4-A1A3C2647456}.Debug|x86.ActiveCfg = Debug|Any CPU
		{A6551C3F-F932-E824-84F4-A1A3C2647456}.Debug|x86.Build.0 = Debug|Any CPU
		{A6551C3F-F932-E824-84F4-A1A3C2647456}.Release|Any CPU.ActiveCfg = Release|Any CPU
		{A6551C3F-F932-E824-84F4-A1A3C2647456}.Release|Any CPU.Build.0 = Release|Any CPU
		{A6551C3F-F932-E824-84F4-A1A3C2647456}.Release|x64.ActiveCfg = Release|Any CPU
		{A6551C3F-F932-E824-84F4-A1A3C2647456}.Release|x64.Build.0 = Release|Any CPU
		{A6551C3F-F932-E824-84F4-A1A3C2647456}.Release|x86.ActiveCfg = Release|Any CPU
		{A6551C3F-F932-E824-84F4-A1A3C2647456}.Release|x86.Build.0 = Release|Any CPU
		{C7060293-5409-4859-BD5E-9665AEEF1480}.Debug|Any CPU.ActiveCfg = Debug|Any CPU
		{C7060293-5409-4859-BD5E-9665AEEF1480}.Debug|Any CPU.Build.0 = Debug|Any CPU
		{C7060293-5409-4859-BD5E-9665AEEF1480}.Debug|x64.ActiveCfg = Debug|Any CPU
		{C7060293-5409-4859-BD5E-9665AEEF1480}.Debug|x64.Build.0 = Debug|Any CPU
		{C7060293-5409-4859-BD5E-9665AEEF1480}.Debug|x86.ActiveCfg = Debug|Any CPU
		{C7060293-5409-4859-BD5E-9665AEEF1480}.Debug|x86.Build.0 = Debug|Any CPU
		{C7060293-5409-4859-BD5E-9665AEEF1480}.Release|Any CPU.ActiveCfg = Release|Any CPU
		{C7060293-5409-4859-BD5E-9665AEEF1480}.Release|Any CPU.Build.0 = Release|Any CPU
		{C7060293-5409-4859-BD5E-9665AEEF1480}.Release|x64.ActiveCfg = Release|Any CPU
		{C7060293-5409-4859-BD5E-9665AEEF1480}.Release|x64.Build.0 = Release|Any CPU
		{C7060293-5409-4859-BD5E-9665AEEF1480}.Release|x86.ActiveCfg = Release|Any CPU
		{C7060293-5409-4859-BD5E-9665AEEF1480}.Release|x86.Build.0 = Release|Any CPU
	EndGlobalSection
	GlobalSection(SolutionProperties) = preSolution
		HideSolutionNode = FALSE
	EndGlobalSection
	GlobalSection(NestedProjects) = preSolution
		{20F7C9ED-5B24-4760-A2BC-79B600804177} = {827E0CD3-B72D-47B6-A68D-7590B98EB39B}
		{C0BC89E7-8091-604D-6726-675DC0D583F3} = {FC587998-E5CC-4F74-991C-8579018DDF78}
		{70980386-C674-527A-2D13-BFA5A82888AC} = {FC587998-E5CC-4F74-991C-8579018DDF78}
		{90647822-CEC3-46CB-B10E-EB94B0E3B21A} = {827E0CD3-B72D-47B6-A68D-7590B98EB39B}
		{A6551C3F-F932-E824-84F4-A1A3C2647456} = {02EA681E-C7D8-13C7-8484-4AC65E1B71E8}
		{C7060293-5409-4859-BD5E-9665AEEF1480} = {827E0CD3-B72D-47B6-A68D-7590B98EB39B}
		{02EA681E-C7D8-13C7-8484-4AC65E1B71E8} = {827E0CD3-B72D-47B6-A68D-7590B98EB39B}
	EndGlobalSection
	GlobalSection(ExtensibilityGlobals) = postSolution
		SolutionGuid = {9FBC5139-5388-4DDB-81DE-84056CF76125}
	EndGlobalSection
EndGlobal
