
Microsoft Visual Studio Solution File, Format Version 12.00
# Visual Studio Version 17
VisualStudioVersion = 17.14.36623.8
MinimumVisualStudioVersion = 10.0.40219.1
Project("{FAE04EC0-301F-11D3-BF4B-00C04F79EFBC}") = "BenMcLean.Wolf3D.Assets", "src\BenMcLean.Wolf3D.Assets\BenMcLean.Wolf3D.Assets.csproj", "{20F7C9ED-5B24-4760-A2BC-79B600804177}"
EndProject
Project("{2150E333-8FDC-42A3-9474-1A3956D46DE8}") = "Solution Items", "Solution Items", "{8EC462FD-D22E-90A8-E5CE-7E832BA40C5D}"
	ProjectSection(SolutionItems) = preProject
		.editorconfig = .editorconfig
		.gitattributes = .gitattributes
		.gitignore = .gitignore
	EndProjectSection
EndProject
Project("{FAE04EC0-301F-11D3-BF4B-00C04F79EFBC}") = "BenMcLean.Wolf3D.VR", "godot\BenMcLean.Wolf3D.VR\BenMcLean.Wolf3D.VR.csproj", "{C0BC89E7-8091-604D-6726-675DC0D583F3}"
EndProject
Global
	GlobalSection(SolutionConfigurationPlatforms) = preSolution
		Debug|Any CPU = Debug|Any CPU
		Release|Any CPU = Release|Any CPU
	EndGlobalSection
	GlobalSection(ProjectConfigurationPlatforms) = postSolution
		{20F7C9ED-5B24-4760-A2BC-79B600804177}.Debug|Any CPU.ActiveCfg = Debug|Any CPU
		{20F7C9ED-5B24-4760-A2BC-79B600804177}.Debug|Any CPU.Build.0 = Debug|Any CPU
		{20F7C9ED-5B24-4760-A2BC-79B600804177}.Release|Any CPU.ActiveCfg = Release|Any CPU
		{20F7C9ED-5B24-4760-A2BC-79B600804177}.Release|Any CPU.Build.0 = Release|Any CPU
		{C0BC89E7-8091-604D-6726-675DC0D583F3}.Debug|Any CPU.ActiveCfg = Debug|Any CPU
		{C0BC89E7-8091-604D-6726-675DC0D583F3}.Debug|Any CPU.Build.0 = Debug|Any CPU
		{C0BC89E7-8091-604D-6726-675DC0D583F3}.Release|Any CPU.ActiveCfg = ExportDebug|Any CPU
		{C0BC89E7-8091-604D-6726-675DC0D583F3}.Release|Any CPU.Build.0 = ExportDebug|Any CPU
	EndGlobalSection
	GlobalSection(SolutionProperties) = preSolution
		HideSolutionNode = FALSE
	EndGlobalSection
	GlobalSection(ExtensibilityGlobals) = postSolution
		SolutionGuid = {9FBC5139-5388-4DDB-81DE-84056CF76125}
	EndGlobalSection
EndGlobal
